// !$*UTF8*$!
{
	archiveVersion = 1;
	classes = {
	};
	objectVersion = 46;
	objects = {

/* Begin PBXBuildFile section */
		186E0B5C1C53356A00E22D5B /* main.m in Sources */ = {isa = PBXBuildFile; fileRef = 186E0B5B1C53356A00E22D5B /* main.m */; };
		186E0B5F1C53356A00E22D5B /* AppDelegate.m in Sources */ = {isa = PBXBuildFile; fileRef = 186E0B5E1C53356A00E22D5B /* AppDelegate.m */; };
		186E0B651C53356A00E22D5B /* Main.storyboard in Resources */ = {isa = PBXBuildFile; fileRef = 186E0B631C53356A00E22D5B /* Main.storyboard */; };
		186E0B671C53356A00E22D5B /* Assets.xcassets in Resources */ = {isa = PBXBuildFile; fileRef = 186E0B661C53356A00E22D5B /* Assets.xcassets */; };
		186E0B6A1C53356A00E22D5B /* LaunchScreen.storyboard in Resources */ = {isa = PBXBuildFile; fileRef = 186E0B681C53356A00E22D5B /* LaunchScreen.storyboard */; };
		186E0B731C5335DE00E22D5B /* MyViewController.m in Sources */ = {isa = PBXBuildFile; fileRef = 186E0B721C5335DE00E22D5B /* MyViewController.m */; };
		186E0B791C53367C00E22D5B /* pic in Resources */ = {isa = PBXBuildFile; fileRef = 186E0B781C53367C00E22D5B /* pic */; };
		186E0B7C1C53405C00E22D5B /* UIImage+Scale.m in Sources */ = {isa = PBXBuildFile; fileRef = 186E0B7B1C53405C00E22D5B /* UIImage+Scale.m */; };
/* End PBXBuildFile section */

/* Begin PBXFileReference section */
		186E0B571C53356A00E22D5B /* HZWScrollViewDemo.app */ = {isa = PBXFileReference; explicitFileType = wrapper.application; includeInIndex = 0; path = HZWScrollViewDemo.app; sourceTree = BUILT_PRODUCTS_DIR; };
		186E0B5B1C53356A00E22D5B /* main.m */ = {isa = PBXFileReference; lastKnownFileType = sourcecode.c.objc; path = main.m; sourceTree = "<group>"; };
		186E0B5D1C53356A00E22D5B /* AppDelegate.h */ = {isa = PBXFileReference; lastKnownFileType = sourcecode.c.h; path = AppDelegate.h; sourceTree = "<group>"; };
		186E0B5E1C53356A00E22D5B /* AppDelegate.m */ = {isa = PBXFileReference; lastKnownFileType = sourcecode.c.objc; path = AppDelegate.m; sourceTree = "<group>"; };
		186E0B641C53356A00E22D5B /* Base */ = {isa = PBXFileReference; lastKnownFileType = file.storyboard; name = Base; path = Base.lproj/Main.storyboard; sourceTree = "<group>"; };
		186E0B661C53356A00E22D5B /* Assets.xcassets */ = {isa = PBXFileReference; lastKnownFileType = folder.assetcatalog; path = Assets.xcassets; sourceTree = "<group>"; };
		186E0B691C53356A00E22D5B /* Base */ = {isa = PBXFileReference; lastKnownFileType = file.storyboard; name = Base; path = Base.lproj/LaunchScreen.storyboard; sourceTree = "<group>"; };
		186E0B6B1C53356B00E22D5B /* Info.plist */ = {isa = PBXFileReference; lastKnownFileType = text.plist.xml; path = Info.plist; sourceTree = "<group>"; };
		186E0B711C5335DE00E22D5B /* MyViewController.h */ = {isa = PBXFileReference; fileEncoding = 4; lastKnownFileType = sourcecode.c.h; path = MyViewController.h; sourceTree = "<group>"; };
		186E0B721C5335DE00E22D5B /* MyViewController.m */ = {isa = PBXFileReference; fileEncoding = 4; lastKnownFileType = sourcecode.c.objc; path = MyViewController.m; sourceTree = "<group>"; };
		186E0B781C53367C00E22D5B /* pic */ = {isa = PBXFileReference; lastKnownFileType = folder; path = pic; sourceTree = "<group>"; };
		186E0B7A1C53405C00E22D5B /* UIImage+Scale.h */ = {isa = PBXFileReference; fileEncoding = 4; lastKnownFileType = sourcecode.c.h; path = "UIImage+Scale.h"; sourceTree = "<group>"; };
		186E0B7B1C53405C00E22D5B /* UIImage+Scale.m */ = {isa = PBXFileReference; fileEncoding = 4; lastKnownFileType = sourcecode.c.objc; path = "UIImage+Scale.m"; sourceTree = "<group>"; };
/* End PBXFileReference section */

/* Begin PBXFrameworksBuildPhase section */
		186E0B541C53356A00E22D5B /* Frameworks */ = {
			isa = PBXFrameworksBuildPhase;
			buildActionMask = 2147483647;
			files = (
			);
			runOnlyForDeploymentPostprocessing = 0;
		};
/* End PBXFrameworksBuildPhase section */

/* Begin PBXGroup section */
		186E0B4E1C53356A00E22D5B = {
			isa = PBXGroup;
			children = (
				186E0B591C53356A00E22D5B /* HZWScrollViewDemo */,
				186E0B581C53356A00E22D5B /* Products */,
			);
			sourceTree = "<group>";
		};
		186E0B581C53356A00E22D5B /* Products */ = {
			isa = PBXGroup;
			children = (
				186E0B571C53356A00E22D5B /* HZWScrollViewDemo.app */,
			);
			name = Products;
			sourceTree = "<group>";
		};
		186E0B591C53356A00E22D5B /* HZWScrollViewDemo */ = {
			isa = PBXGroup;
			children = (
				186E0B5D1C53356A00E22D5B /* AppDelegate.h */,
				186E0B5E1C53356A00E22D5B /* AppDelegate.m */,
				186E0B711C5335DE00E22D5B /* MyViewController.h */,
				186E0B721C5335DE00E22D5B /* MyViewController.m */,
				186E0B7A1C53405C00E22D5B /* UIImage+Scale.h */,
				186E0B7B1C53405C00E22D5B /* UIImage+Scale.m */,
				186E0B781C53367C00E22D5B /* pic */,
				186E0B631C53356A00E22D5B /* Main.storyboard */,
				186E0B661C53356A00E22D5B /* Assets.xcassets */,
				186E0B681C53356A00E22D5B /* LaunchScreen.storyboard */,
				186E0B6B1C53356B00E22D5B /* Info.plist */,
				186E0B5A1C53356A00E22D5B /* Supporting Files */,
			);
			path = HZWScrollViewDemo;
			sourceTree = "<group>";
		};
		186E0B5A1C53356A00E22D5B /* Supporting Files */ = {
			isa = PBXGroup;
			children = (
				186E0B5B1C53356A00E22D5B /* main.m */,
			);
			name = "Supporting Files";
			sourceTree = "<group>";
		};
/* End PBXGroup section */

/* Begin PBXNativeTarget section */
		186E0B561C53356A00E22D5B /* HZWScrollViewDemo */ = {
			isa = PBXNativeTarget;
			buildConfigurationList = 186E0B6E1C53356B00E22D5B /* Build configuration list for PBXNativeTarget "HZWScrollViewDemo" */;
			buildPhases = (
				186E0B531C53356A00E22D5B /* Sources */,
				186E0B541C53356A00E22D5B /* Frameworks */,
				186E0B551C53356A00E22D5B /* Resources */,
			);
			buildRules = (
			);
			dependencies = (
			);
			name = HZWScrollViewDemo;
			productName = HZWScrollViewDemo;
			productReference = 186E0B571C53356A00E22D5B /* HZWScrollViewDemo.app */;
			productType = "com.apple.product-type.application";
		};
/* End PBXNativeTarget section */

/* Begin PBXProject section */
		186E0B4F1C53356A00E22D5B /* Project object */ = {
			isa = PBXProject;
			attributes = {
				LastUpgradeCheck = 0720;
				ORGANIZATIONNAME = apple;
				TargetAttributes = {
					186E0B561C53356A00E22D5B = {
						CreatedOnToolsVersion = 7.2;
						DevelopmentTeam = X5QV65KZF8;
					};
				};
			};
			buildConfigurationList = 186E0B521C53356A00E22D5B /* Build configuration list for PBXProject "HZWScrollViewDemo" */;
			compatibilityVersion = "Xcode 3.2";
			developmentRegion = English;
			hasScannedForEncodings = 0;
			knownRegions = (
				en,
				Base,
			);
			mainGroup = 186E0B4E1C53356A00E22D5B;
			productRefGroup = 186E0B581C53356A00E22D5B /* Products */;
			projectDirPath = "";
			projectRoot = "";
			targets = (
				186E0B561C53356A00E22D5B /* HZWScrollViewDemo */,
			);
		};
/* End PBXProject section */

/* Begin PBXResourcesBuildPhase section */
		186E0B551C53356A00E22D5B /* Resources */ = {
			isa = PBXResourcesBuildPhase;
			buildActionMask = 2147483647;
			files = (
				186E0B6A1C53356A00E22D5B /* LaunchScreen.storyboard in Resources */,
				186E0B671C53356A00E22D5B /* Assets.xcassets in Resources */,
				186E0B651C53356A00E22D5B /* Main.storyboard in Resources */,
				186E0B791C53367C00E22D5B /* pic in Resources */,
			);
			runOnlyForDeploymentPostprocessing = 0;
		};
/* End PBXResourcesBuildPhase section */

/* Begin PBXSourcesBuildPhase section */
		186E0B531C53356A00E22D5B /* Sources */ = {
			isa = PBXSourcesBuildPhase;
			buildActionMask = 2147483647;
			files = (
				186E0B731C5335DE00E22D5B /* MyViewController.m in Sources */,
				186E0B5F1C53356A00E22D5B /* AppDelegate.m in Sources */,
				186E0B7C1C53405C00E22D5B /* UIImage+Scale.m in Sources */,
				186E0B5C1C53356A00E22D5B /* main.m in Sources */,
			);
			runOnlyForDeploymentPostprocessing = 0;
		};
/* End PBXSourcesBuildPhase section */

/* Begin PBXVariantGroup section */
		186E0B631C53356A00E22D5B /* Main.storyboard */ = {
			isa = PBXVariantGroup;
			children = (
				186E0B641C53356A00E22D5B /* Base */,
			);
			name = Main.storyboard;
			sourceTree = "<group>";
		};
		186E0B681C53356A00E22D5B /* LaunchScreen.storyboard */ = {
			isa = PBXVariantGroup;
			children = (
				186E0B691C53356A00E22D5B /* Base */,
			);
			name = LaunchScreen.storyboard;
			sourceTree = "<group>";
		};
/* End PBXVariantGroup section */

/* Begin XCBuildConfiguration section */
		186E0B6C1C53356B00E22D5B /* Debug */ = {
			isa = XCBuildConfiguration;
			buildSettings = {
				ALWAYS_SEARCH_USER_PATHS = NO;
				CLANG_CXX_LANGUAGE_STANDARD = "gnu++0x";
				CLANG_CXX_LIBRARY = "libc++";
				CLANG_ENABLE_MODULES = YES;
				CLANG_ENABLE_OBJC_ARC = YES;
				CLANG_WARN_BOOL_CONVERSION = YES;
				CLANG_WARN_CONSTANT_CONVERSION = YES;
				CLANG_WARN_DIRECT_OBJC_ISA_USAGE = YES_ERROR;
				CLANG_WARN_EMPTY_BODY = YES;
				CLANG_WARN_ENUM_CONVERSION = YES;
				CLANG_WARN_INT_CONVERSION = YES;
				CLANG_WARN_OBJC_ROOT_CLASS = YES_ERROR;
				CLANG_WARN_UNREACHABLE_CODE = YES;
				CLANG_WARN__DUPLICATE_METHOD_MATCH = YES;
				"CODE_SIGN_IDENTITY[sdk=iphoneos*]" = "iPhone Developer";
				COPY_PHASE_STRIP = NO;
				DEBUG_INFORMATION_FORMAT = dwarf;
				ENABLE_STRICT_OBJC_MSGSEND = YES;
				ENABLE_TESTABILITY = YES;
				GCC_C_LANGUAGE_STANDARD = gnu99;
				GCC_DYNAMIC_NO_PIC = NO;
				GCC_NO_COMMON_BLOCKS = YES;
				GCC_OPTIMIZATION_LEVEL = 0;
				GCC_PREPROCESSOR_DEFINITIONS = (
					"DEBUG=1",
					"$(inherited)",
				);
				GCC_WARN_64_TO_32_BIT_CONVERSION = YES;
				GCC_WARN_ABOUT_RETURN_TYPE = YES_ERROR;
				GCC_WARN_UNDECLARED_SELECTOR = YES;
				GCC_WARN_UNINITIALIZED_AUTOS = YES_AGGRESSIVE;
				GCC_WARN_UNUSED_FUNCTION = YES;
				GCC_WARN_UNUSED_VARIABLE = YES;
				IPHONEOS_DEPLOYMENT_TARGET = 9.2;
				MTL_ENABLE_DEBUG_INFO = YES;
				ONLY_ACTIVE_ARCH = YES;
				SDKROOT = iphoneos;
				TARGETED_DEVICE_FAMILY = "1,2";
			};
			name = Debug;
		};
		186E0B6D1C53356B00E22D5B /* Release */ = {
			isa = XCBuildConfiguration;
			buildSettings = {
				ALWAYS_SEARCH_USER_PATHS = NO;
				CLANG_CXX_LANGUAGE_STANDARD = "gnu++0x";
				CLANG_CXX_LIBRARY = "libc++";
				CLANG_ENABLE_MODULES = YES;
				CLANG_ENABLE_OBJC_ARC = YES;
				CLANG_WARN_BOOL_CONVERSION = YES;
				CLANG_WARN_CONSTANT_CONVERSION = YES;
				CLANG_WARN_DIRECT_OBJC_ISA_USAGE = YES_ERROR;
				CLANG_WARN_EMPTY_BODY = YES;
				CLANG_WARN_ENUM_CONVERSION = YES;
				CLANG_WARN_INT_CONVERSION = YES;
				CLANG_WARN_OBJC_ROOT_CLASS = YES_ERROR;
				CLANG_WARN_UNREACHABLE_CODE = YES;
				CLANG_WARN__DUPLICATE_METHOD_MATCH = YES;
				"CODE_SIGN_IDENTITY[sdk=iphoneos*]" = "iPhone Developer";
				COPY_PHASE_STRIP = NO;
				DEBUG_INFORMATION_FORMAT = "dwarf-with-dsym";
				ENABLE_NS_ASSERTIONS = NO;
				ENABLE_STRICT_OBJC_MSGSEND = YES;
				GCC_C_LANGUAGE_STANDARD = gnu99;
				GCC_NO_COMMON_BLOCKS = YES;
				GCC_WARN_64_TO_32_BIT_CONVERSION = YES;
				GCC_WARN_ABOUT_RETURN_TYPE = YES_ERROR;
				GCC_WARN_UNDECLARED_SELECTOR = YES;
				GCC_WARN_UNINITIALIZED_AUTOS = YES_AGGRESSIVE;
				GCC_WARN_UNUSED_FUNCTION = YES;
				GCC_WARN_UNUSED_VARIABLE = YES;
				IPHONEOS_DEPLOYMENT_TARGET = 9.2;
				MTL_ENABLE_DEBUG_INFO = NO;
				SDKROOT = iphoneos;
				TARGETED_DEVICE_FAMILY = "1,2";
				VALIDATE_PRODUCT = YES;
			};
			name = Release;
		};
		186E0B6F1C53356B00E22D5B /* Debug */ = {
			isa = XCBuildConfiguration;
			buildSettings = {
				ASSETCATALOG_COMPILER_APPICON_NAME = AppIcon;
				INFOPLIST_FILE = HZWScrollViewDemo/Info.plist;
				LD_RUNPATH_SEARCH_PATHS = "$(inherited) @executable_path/Frameworks";
				PRODUCT_BUNDLE_IDENTIFIER = Ben.HZWScrollViewDemo;
				PRODUCT_NAME = "$(TARGET_NAME)";
			};
			name = Debug;
		};
		186E0B701C53356B00E22D5B /* Release */ = {
			isa = XCBuildConfiguration;
			buildSettings = {
				ASSETCATALOG_COMPILER_APPICON_NAME = AppIcon;
				INFOPLIST_FILE = HZWScrollViewDemo/Info.plist;
				LD_RUNPATH_SEARCH_PATHS = "$(inherited) @executable_path/Frameworks";
				PRODUCT_BUNDLE_IDENTIFIER = Ben.HZWScrollViewDemo;
				PRODUCT_NAME = "$(TARGET_NAME)";
			};
			name = Release;
		};
/* End XCBuildConfiguration section */

/* Begin XCConfigurationList section */
		186E0B521C53356A00E22D5B /* Build configuration list for PBXProject "HZWScrollViewDemo" */ = {
			isa = XCConfigurationList;
			buildConfigurations = (
				186E0B6C1C53356B00E22D5B /* Debug */,
				186E0B6D1C53356B00E22D5B /* Release */,
			);
			defaultConfigurationIsVisible = 0;
			defaultConfigurationName = Release;
		};
		186E0B6E1C53356B00E22D5B /* Build configuration list for PBXNativeTarget "HZWScrollViewDemo" */ = {
			isa = XCConfigurationList;
			buildConfigurations = (
				186E0B6F1C53356B00E22D5B /* Debug */,
				186E0B701C53356B00E22D5B /* Release */,
			);
			defaultConfigurationIsVisible = 0;
		};
/* End XCConfigurationList section */
	};
	rootObject = 186E0B4F1C53356A00E22D5B /* Project object */;
}
