// !$*UTF8*$!
{
	archiveVersion = 1;
	classes = {
	};
	objectVersion = 46;
	objects = {

/* Begin PBXBuildFile section */
		0FDE32881BB8D072002CF7CD /* Foundation.framework in Frameworks */ = {isa = PBXBuildFile; fileRef = 0FDE32871BB8D072002CF7CD /* Foundation.framework */; };
		0FDE328A1BB8D072002CF7CD /* CoreGraphics.framework in Frameworks */ = {isa = PBXBuildFile; fileRef = 0FDE32891BB8D072002CF7CD /* CoreGraphics.framework */; };
		0FDE328C1BB8D072002CF7CD /* UIKit.framework in Frameworks */ = {isa = PBXBuildFile; fileRef = 0FDE328B1BB8D072002CF7CD /* UIKit.framework */; };
		0FDE32921BB8D072002CF7CD /* InfoPlist.strings in Resources */ = {isa = PBXBuildFile; fileRef = 0FDE32901BB8D072002CF7CD /* InfoPlist.strings */; };
		0FDE32941BB8D072002CF7CD /* main.m in Sources */ = {isa = PBXBuildFile; fileRef = 0FDE32931BB8D072002CF7CD /* main.m */; };
		0FDE32981BB8D073002CF7CD /* AppDelegate.m in Sources */ = {isa = PBXBuildFile; fileRef = 0FDE32971BB8D073002CF7CD /* AppDelegate.m */; };
		0FDE329A1BB8D073002CF7CD /* Images.xcassets in Resources */ = {isa = PBXBuildFile; fileRef = 0FDE32991BB8D073002CF7CD /* Images.xcassets */; };
		0FDE32A11BB8D073002CF7CD /* XCTest.framework in Frameworks */ = {isa = PBXBuildFile; fileRef = 0FDE32A01BB8D073002CF7CD /* XCTest.framework */; };
		0FDE32A21BB8D073002CF7CD /* Foundation.framework in Frameworks */ = {isa = PBXBuildFile; fileRef = 0FDE32871BB8D072002CF7CD /* Foundation.framework */; };
		0FDE32A31BB8D073002CF7CD /* UIKit.framework in Frameworks */ = {isa = PBXBuildFile; fileRef = 0FDE328B1BB8D072002CF7CD /* UIKit.framework */; };
		0FDE32AB1BB8D073002CF7CD /* InfoPlist.strings in Resources */ = {isa = PBXBuildFile; fileRef = 0FDE32A91BB8D073002CF7CD /* InfoPlist.strings */; };
		0FDE32AD1BB8D073002CF7CD /* UI_10_1Tests.m in Sources */ = {isa = PBXBuildFile; fileRef = 0FDE32AC1BB8D073002CF7CD /* UI_10_1Tests.m */; };
		0FDE32B91BB8D0B3002CF7CD /* ViewController1.m in Sources */ = {isa = PBXBuildFile; fileRef = 0FDE32B71BB8D0B3002CF7CD /* ViewController1.m */; };
		0FDE32BA1BB8D0B3002CF7CD /* ViewController1.xib in Resources */ = {isa = PBXBuildFile; fileRef = 0FDE32B81BB8D0B3002CF7CD /* ViewController1.xib */; };
		0FDE32BE1BB8DF2D002CF7CD /* ViewController2.m in Sources */ = {isa = PBXBuildFile; fileRef = 0FDE32BC1BB8DF2D002CF7CD /* ViewController2.m */; };
		0FDE32BF1BB8DF2D002CF7CD /* ViewController2.xib in Resources */ = {isa = PBXBuildFile; fileRef = 0FDE32BD1BB8DF2D002CF7CD /* ViewController2.xib */; };
		0FDE32C21BB8E518002CF7CD /* ViewController3.m in Sources */ = {isa = PBXBuildFile; fileRef = 0FDE32C11BB8E518002CF7CD /* ViewController3.m */; };
/* End PBXBuildFile section */

/* Begin PBXContainerItemProxy section */
		0FDE32A41BB8D073002CF7CD /* PBXContainerItemProxy */ = {
			isa = PBXContainerItemProxy;
			containerPortal = 0FDE327C1BB8D072002CF7CD /* Project object */;
			proxyType = 1;
			remoteGlobalIDString = 0FDE32831BB8D072002CF7CD;
			remoteInfo = UI_10_1;
		};
/* End PBXContainerItemProxy section */

/* Begin PBXFileReference section */
		0FDE32841BB8D072002CF7CD /* UI_10_1.app */ = {isa = PBXFileReference; explicitFileType = wrapper.application; includeInIndex = 0; path = UI_10_1.app; sourceTree = BUILT_PRODUCTS_DIR; };
		0FDE32871BB8D072002CF7CD /* Foundation.framework */ = {isa = PBXFileReference; lastKnownFileType = wrapper.framework; name = Foundation.framework; path = System/Library/Frameworks/Foundation.framework; sourceTree = SDKROOT; };
		0FDE32891BB8D072002CF7CD /* CoreGraphics.framework */ = {isa = PBXFileReference; lastKnownFileType = wrapper.framework; name = CoreGraphics.framework; path = System/Library/Frameworks/CoreGraphics.framework; sourceTree = SDKROOT; };
		0FDE328B1BB8D072002CF7CD /* UIKit.framework */ = {isa = PBXFileReference; lastKnownFileType = wrapper.framework; name = UIKit.framework; path = System/Library/Frameworks/UIKit.framework; sourceTree = SDKROOT; };
		0FDE328F1BB8D072002CF7CD /* UI_10_1-Info.plist */ = {isa = PBXFileReference; lastKnownFileType = text.plist.xml; path = "UI_10_1-Info.plist"; sourceTree = "<group>"; };
		0FDE32911BB8D072002CF7CD /* en */ = {isa = PBXFileReference; lastKnownFileType = text.plist.strings; name = en; path = en.lproj/InfoPlist.strings; sourceTree = "<group>"; };
		0FDE32931BB8D072002CF7CD /* main.m */ = {isa = PBXFileReference; lastKnownFileType = sourcecode.c.objc; path = main.m; sourceTree = "<group>"; };
		0FDE32951BB8D072002CF7CD /* UI_10_1-Prefix.pch */ = {isa = PBXFileReference; lastKnownFileType = sourcecode.c.h; path = "UI_10_1-Prefix.pch"; sourceTree = "<group>"; };
		0FDE32961BB8D073002CF7CD /* AppDelegate.h */ = {isa = PBXFileReference; lastKnownFileType = sourcecode.c.h; path = AppDelegate.h; sourceTree = "<group>"; };
		0FDE32971BB8D073002CF7CD /* AppDelegate.m */ = {isa = PBXFileReference; lastKnownFileType = sourcecode.c.objc; path = AppDelegate.m; sourceTree = "<group>"; };
		0FDE32991BB8D073002CF7CD /* Images.xcassets */ = {isa = PBXFileReference; lastKnownFileType = folder.assetcatalog; path = Images.xcassets; sourceTree = "<group>"; };
		0FDE329F1BB8D073002CF7CD /* UI_10_1Tests.xctest */ = {isa = PBXFileReference; explicitFileType = wrapper.cfbundle; includeInIndex = 0; path = UI_10_1Tests.xctest; sourceTree = BUILT_PRODUCTS_DIR; };
		0FDE32A01BB8D073002CF7CD /* XCTest.framework */ = {isa = PBXFileReference; lastKnownFileType = wrapper.framework; name = XCTest.framework; path = Library/Frameworks/XCTest.framework; sourceTree = DEVELOPER_DIR; };
		0FDE32A81BB8D073002CF7CD /* UI_10_1Tests-Info.plist */ = {isa = PBXFileReference; lastKnownFileType = text.plist.xml; path = "UI_10_1Tests-Info.plist"; sourceTree = "<group>"; };
		0FDE32AA1BB8D073002CF7CD /* en */ = {isa = PBXFileReference; lastKnownFileType = text.plist.strings; name = en; path = en.lproj/InfoPlist.strings; sourceTree = "<group>"; };
		0FDE32AC1BB8D073002CF7CD /* UI_10_1Tests.m */ = {isa = PBXFileReference; lastKnownFileType = sourcecode.c.objc; path = UI_10_1Tests.m; sourceTree = "<group>"; };
		0FDE32B61BB8D0B3002CF7CD /* ViewController1.h */ = {isa = PBXFileReference; fileEncoding = 4; lastKnownFileType = sourcecode.c.h; path = ViewController1.h; sourceTree = "<group>"; };
		0FDE32B71BB8D0B3002CF7CD /* ViewController1.m */ = {isa = PBXFileReference; fileEncoding = 4; lastKnownFileType = sourcecode.c.objc; path = ViewController1.m; sourceTree = "<group>"; };
		0FDE32B81BB8D0B3002CF7CD /* ViewController1.xib */ = {isa = PBXFileReference; fileEncoding = 4; lastKnownFileType = file.xib; path = ViewController1.xib; sourceTree = "<group>"; };
		0FDE32BB1BB8DF2D002CF7CD /* ViewController2.h */ = {isa = PBXFileReference; fileEncoding = 4; lastKnownFileType = sourcecode.c.h; path = ViewController2.h; sourceTree = "<group>"; };
		0FDE32BC1BB8DF2D002CF7CD /* ViewController2.m */ = {isa = PBXFileReference; fileEncoding = 4; lastKnownFileType = sourcecode.c.objc; path = ViewController2.m; sourceTree = "<group>"; };
		0FDE32BD1BB8DF2D002CF7CD /* ViewController2.xib */ = {isa = PBXFileReference; fileEncoding = 4; lastKnownFileType = file.xib; path = ViewController2.xib; sourceTree = "<group>"; };
		0FDE32C01BB8E518002CF7CD /* ViewController3.h */ = {isa = PBXFileReference; fileEncoding = 4; lastKnownFileType = sourcecode.c.h; path = ViewController3.h; sourceTree = "<group>"; };
		0FDE32C11BB8E518002CF7CD /* ViewController3.m */ = {isa = PBXFileReference; fileEncoding = 4; lastKnownFileType = sourcecode.c.objc; path = ViewController3.m; sourceTree = "<group>"; };
/* End PBXFileReference section */

/* Begin PBXFrameworksBuildPhase section */
		0FDE32811BB8D072002CF7CD /* Frameworks */ = {
			isa = PBXFrameworksBuildPhase;
			buildActionMask = 2147483647;
			files = (
				0FDE328A1BB8D072002CF7CD /* CoreGraphics.framework in Frameworks */,
				0FDE328C1BB8D072002CF7CD /* UIKit.framework in Frameworks */,
				0FDE32881BB8D072002CF7CD /* Foundation.framework in Frameworks */,
			);
			runOnlyForDeploymentPostprocessing = 0;
		};
		0FDE329C1BB8D073002CF7CD /* Frameworks */ = {
			isa = PBXFrameworksBuildPhase;
			buildActionMask = 2147483647;
			files = (
				0FDE32A11BB8D073002CF7CD /* XCTest.framework in Frameworks */,
				0FDE32A31BB8D073002CF7CD /* UIKit.framework in Frameworks */,
				0FDE32A21BB8D073002CF7CD /* Foundation.framework in Frameworks */,
			);
			runOnlyForDeploymentPostprocessing = 0;
		};
/* End PBXFrameworksBuildPhase section */

/* Begin PBXGroup section */
		0FDE327B1BB8D072002CF7CD = {
			isa = PBXGroup;
			children = (
				0FDE328D1BB8D072002CF7CD /* UI_10_1 */,
				0FDE32A61BB8D073002CF7CD /* UI_10_1Tests */,
				0FDE32861BB8D072002CF7CD /* Frameworks */,
				0FDE32851BB8D072002CF7CD /* Products */,
			);
			sourceTree = "<group>";
		};
		0FDE32851BB8D072002CF7CD /* Products */ = {
			isa = PBXGroup;
			children = (
				0FDE32841BB8D072002CF7CD /* UI_10_1.app */,
				0FDE329F1BB8D073002CF7CD /* UI_10_1Tests.xctest */,
			);
			name = Products;
			sourceTree = "<group>";
		};
		0FDE32861BB8D072002CF7CD /* Frameworks */ = {
			isa = PBXGroup;
			children = (
				0FDE32871BB8D072002CF7CD /* Foundation.framework */,
				0FDE32891BB8D072002CF7CD /* CoreGraphics.framework */,
				0FDE328B1BB8D072002CF7CD /* UIKit.framework */,
				0FDE32A01BB8D073002CF7CD /* XCTest.framework */,
			);
			name = Frameworks;
			sourceTree = "<group>";
		};
		0FDE328D1BB8D072002CF7CD /* UI_10_1 */ = {
			isa = PBXGroup;
			children = (
				0FDE32961BB8D073002CF7CD /* AppDelegate.h */,
				0FDE32971BB8D073002CF7CD /* AppDelegate.m */,
				0FDE32B61BB8D0B3002CF7CD /* ViewController1.h */,
				0FDE32B71BB8D0B3002CF7CD /* ViewController1.m */,
				0FDE32B81BB8D0B3002CF7CD /* ViewController1.xib */,
				0FDE32BB1BB8DF2D002CF7CD /* ViewController2.h */,
				0FDE32BC1BB8DF2D002CF7CD /* ViewController2.m */,
				0FDE32BD1BB8DF2D002CF7CD /* ViewController2.xib */,
				0FDE32C01BB8E518002CF7CD /* ViewController3.h */,
				0FDE32C11BB8E518002CF7CD /* ViewController3.m */,
				0FDE32991BB8D073002CF7CD /* Images.xcassets */,
				0FDE328E1BB8D072002CF7CD /* Supporting Files */,
			);
			path = UI_10_1;
			sourceTree = "<group>";
		};
		0FDE328E1BB8D072002CF7CD /* Supporting Files */ = {
			isa = PBXGroup;
			children = (
				0FDE328F1BB8D072002CF7CD /* UI_10_1-Info.plist */,
				0FDE32901BB8D072002CF7CD /* InfoPlist.strings */,
				0FDE32931BB8D072002CF7CD /* main.m */,
				0FDE32951BB8D072002CF7CD /* UI_10_1-Prefix.pch */,
			);
			name = "Supporting Files";
			sourceTree = "<group>";
		};
		0FDE32A61BB8D073002CF7CD /* UI_10_1Tests */ = {
			isa = PBXGroup;
			children = (
				0FDE32AC1BB8D073002CF7CD /* UI_10_1Tests.m */,
				0FDE32A71BB8D073002CF7CD /* Supporting Files */,
			);
			path = UI_10_1Tests;
			sourceTree = "<group>";
		};
		0FDE32A71BB8D073002CF7CD /* Supporting Files */ = {
			isa = PBXGroup;
			children = (
				0FDE32A81BB8D073002CF7CD /* UI_10_1Tests-Info.plist */,
				0FDE32A91BB8D073002CF7CD /* InfoPlist.strings */,
			);
			name = "Supporting Files";
			sourceTree = "<group>";
		};
/* End PBXGroup section */

/* Begin PBXNativeTarget section */
		0FDE32831BB8D072002CF7CD /* UI_10_1 */ = {
			isa = PBXNativeTarget;
			buildConfigurationList = 0FDE32B01BB8D073002CF7CD /* Build configuration list for PBXNativeTarget "UI_10_1" */;
			buildPhases = (
				0FDE32801BB8D072002CF7CD /* Sources */,
				0FDE32811BB8D072002CF7CD /* Frameworks */,
				0FDE32821BB8D072002CF7CD /* Resources */,
			);
			buildRules = (
			);
			dependencies = (
			);
			name = UI_10_1;
			productName = UI_10_1;
			productReference = 0FDE32841BB8D072002CF7CD /* UI_10_1.app */;
			productType = "com.apple.product-type.application";
		};
		0FDE329E1BB8D073002CF7CD /* UI_10_1Tests */ = {
			isa = PBXNativeTarget;
			buildConfigurationList = 0FDE32B31BB8D073002CF7CD /* Build configuration list for PBXNativeTarget "UI_10_1Tests" */;
			buildPhases = (
				0FDE329B1BB8D073002CF7CD /* Sources */,
				0FDE329C1BB8D073002CF7CD /* Frameworks */,
				0FDE329D1BB8D073002CF7CD /* Resources */,
			);
			buildRules = (
			);
			dependencies = (
				0FDE32A51BB8D073002CF7CD /* PBXTargetDependency */,
			);
			name = UI_10_1Tests;
			productName = UI_10_1Tests;
			productReference = 0FDE329F1BB8D073002CF7CD /* UI_10_1Tests.xctest */;
			productType = "com.apple.product-type.bundle.unit-test";
		};
/* End PBXNativeTarget section */

/* Begin PBXProject section */
		0FDE327C1BB8D072002CF7CD /* Project object */ = {
			isa = PBXProject;
			attributes = {
				LastUpgradeCheck = 0510;
				ORGANIZATIONNAME = ios22;
				TargetAttributes = {
					0FDE329E1BB8D073002CF7CD = {
						TestTargetID = 0FDE32831BB8D072002CF7CD;
					};
				};
			};
			buildConfigurationList = 0FDE327F1BB8D072002CF7CD /* Build configuration list for PBXProject "UI_10_1" */;
			compatibilityVersion = "Xcode 3.2";
			developmentRegion = English;
			hasScannedForEncodings = 0;
			knownRegions = (
				en,
			);
			mainGroup = 0FDE327B1BB8D072002CF7CD;
			productRefGroup = 0FDE32851BB8D072002CF7CD /* Products */;
			projectDirPath = "";
			projectRoot = "";
			targets = (
				0FDE32831BB8D072002CF7CD /* UI_10_1 */,
				0FDE329E1BB8D073002CF7CD /* UI_10_1Tests */,
			);
		};
/* End PBXProject section */

/* Begin PBXResourcesBuildPhase section */
		0FDE32821BB8D072002CF7CD /* Resources */ = {
			isa = PBXResourcesBuildPhase;
			buildActionMask = 2147483647;
			files = (
				0FDE32BA1BB8D0B3002CF7CD /* ViewController1.xib in Resources */,
				0FDE32BF1BB8DF2D002CF7CD /* ViewController2.xib in Resources */,
				0FDE32921BB8D072002CF7CD /* InfoPlist.strings in Resources */,
				0FDE329A1BB8D073002CF7CD /* Images.xcassets in Resources */,
			);
			runOnlyForDeploymentPostprocessing = 0;
		};
		0FDE329D1BB8D073002CF7CD /* Resources */ = {
			isa = PBXResourcesBuildPhase;
			buildActionMask = 2147483647;
			files = (
				0FDE32AB1BB8D073002CF7CD /* InfoPlist.strings in Resources */,
			);
			runOnlyForDeploymentPostprocessing = 0;
		};
/* End PBXResourcesBuildPhase section */

/* Begin PBXSourcesBuildPhase section */
		0FDE32801BB8D072002CF7CD /* Sources */ = {
			isa = PBXSourcesBuildPhase;
			buildActionMask = 2147483647;
			files = (
				0FDE32981BB8D073002CF7CD /* AppDelegate.m in Sources */,
				0FDE32BE1BB8DF2D002CF7CD /* ViewController2.m in Sources */,
				0FDE32941BB8D072002CF7CD /* main.m in Sources */,
				0FDE32B91BB8D0B3002CF7CD /* ViewController1.m in Sources */,
				0FDE32C21BB8E518002CF7CD /* ViewController3.m in Sources */,
			);
			runOnlyForDeploymentPostprocessing = 0;
		};
		0FDE329B1BB8D073002CF7CD /* Sources */ = {
			isa = PBXSourcesBuildPhase;
			buildActionMask = 2147483647;
			files = (
				0FDE32AD1BB8D073002CF7CD /* UI_10_1Tests.m in Sources */,
			);
			runOnlyForDeploymentPostprocessing = 0;
		};
/* End PBXSourcesBuildPhase section */

/* Begin PBXTargetDependency section */
		0FDE32A51BB8D073002CF7CD /* PBXTargetDependency */ = {
			isa = PBXTargetDependency;
			target = 0FDE32831BB8D072002CF7CD /* UI_10_1 */;
			targetProxy = 0FDE32A41BB8D073002CF7CD /* PBXContainerItemProxy */;
		};
/* End PBXTargetDependency section */

/* Begin PBXVariantGroup section */
		0FDE32901BB8D072002CF7CD /* InfoPlist.strings */ = {
			isa = PBXVariantGroup;
			children = (
				0FDE32911BB8D072002CF7CD /* en */,
			);
			name = InfoPlist.strings;
			sourceTree = "<group>";
		};
		0FDE32A91BB8D073002CF7CD /* InfoPlist.strings */ = {
			isa = PBXVariantGroup;
			children = (
				0FDE32AA1BB8D073002CF7CD /* en */,
			);
			name = InfoPlist.strings;
			sourceTree = "<group>";
		};
/* End PBXVariantGroup section */

/* Begin XCBuildConfiguration section */
		0FDE32AE1BB8D073002CF7CD /* Debug */ = {
			isa = XCBuildConfiguration;
			buildSettings = {
				ALWAYS_SEARCH_USER_PATHS = NO;
				CLANG_CXX_LANGUAGE_STANDARD = "gnu++0x";
				CLANG_CXX_LIBRARY = "libc++";
				CLANG_ENABLE_MODULES = YES;
				CLANG_ENABLE_OBJC_ARC = YES;
				CLANG_WARN_BOOL_CONVERSION = YES;
				CLANG_WARN_CONSTANT_CONVERSION = YES;
				CLANG_WARN_DIRECT_OBJC_ISA_USAGE = YES_ERROR;
				CLANG_WARN_EMPTY_BODY = YES;
				CLANG_WARN_ENUM_CONVERSION = YES;
				CLANG_WARN_INT_CONVERSION = YES;
				CLANG_WARN_OBJC_ROOT_CLASS = YES_ERROR;
				CLANG_WARN__DUPLICATE_METHOD_MATCH = YES;
				"CODE_SIGN_IDENTITY[sdk=iphoneos*]" = "iPhone Developer";
				COPY_PHASE_STRIP = NO;
				GCC_C_LANGUAGE_STANDARD = gnu99;
				GCC_DYNAMIC_NO_PIC = NO;
				GCC_OPTIMIZATION_LEVEL = 0;
				GCC_PREPROCESSOR_DEFINITIONS = (
					"DEBUG=1",
					"$(inherited)",
				);
				GCC_SYMBOLS_PRIVATE_EXTERN = NO;
				GCC_WARN_64_TO_32_BIT_CONVERSION = YES;
				GCC_WARN_ABOUT_RETURN_TYPE = YES_ERROR;
				GCC_WARN_UNDECLARED_SELECTOR = YES;
				GCC_WARN_UNINITIALIZED_AUTOS = YES_AGGRESSIVE;
				GCC_WARN_UNUSED_FUNCTION = YES;
				GCC_WARN_UNUSED_VARIABLE = YES;
				IPHONEOS_DEPLOYMENT_TARGET = 7.1;
				ONLY_ACTIVE_ARCH = YES;
				SDKROOT = iphoneos;
			};
			name = Debug;
		};
		0FDE32AF1BB8D073002CF7CD /* Release */ = {
			isa = XCBuildConfiguration;
			buildSettings = {
				ALWAYS_SEARCH_USER_PATHS = NO;
				CLANG_CXX_LANGUAGE_STANDARD = "gnu++0x";
				CLANG_CXX_LIBRARY = "libc++";
				CLANG_ENABLE_MODULES = YES;
				CLANG_ENABLE_OBJC_ARC = YES;
				CLANG_WARN_BOOL_CONVERSION = YES;
				CLANG_WARN_CONSTANT_CONVERSION = YES;
				CLANG_WARN_DIRECT_OBJC_ISA_USAGE = YES_ERROR;
				CLANG_WARN_EMPTY_BODY = YES;
				CLANG_WARN_ENUM_CONVERSION = YES;
				CLANG_WARN_INT_CONVERSION = YES;
				CLANG_WARN_OBJC_ROOT_CLASS = YES_ERROR;
				CLANG_WARN__DUPLICATE_METHOD_MATCH = YES;
				"CODE_SIGN_IDENTITY[sdk=iphoneos*]" = "iPhone Developer";
				COPY_PHASE_STRIP = YES;
				ENABLE_NS_ASSERTIONS = NO;
				GCC_C_LANGUAGE_STANDARD = gnu99;
				GCC_WARN_64_TO_32_BIT_CONVERSION = YES;
				GCC_WARN_ABOUT_RETURN_TYPE = YES_ERROR;
				GCC_WARN_UNDECLARED_SELECTOR = YES;
				GCC_WARN_UNINITIALIZED_AUTOS = YES_AGGRESSIVE;
				GCC_WARN_UNUSED_FUNCTION = YES;
				GCC_WARN_UNUSED_VARIABLE = YES;
				IPHONEOS_DEPLOYMENT_TARGET = 7.1;
				SDKROOT = iphoneos;
				VALIDATE_PRODUCT = YES;
			};
			name = Release;
		};
		0FDE32B11BB8D073002CF7CD /* Debug */ = {
			isa = XCBuildConfiguration;
			buildSettings = {
				ASSETCATALOG_COMPILER_APPICON_NAME = AppIcon;
				ASSETCATALOG_COMPILER_LAUNCHIMAGE_NAME = LaunchImage;
				GCC_PRECOMPILE_PREFIX_HEADER = YES;
				GCC_PREFIX_HEADER = "UI_10_1/UI_10_1-Prefix.pch";
				INFOPLIST_FILE = "UI_10_1/UI_10_1-Info.plist";
				PRODUCT_NAME = "$(TARGET_NAME)";
				WRAPPER_EXTENSION = app;
			};
			name = Debug;
		};
		0FDE32B21BB8D073002CF7CD /* Release */ = {
			isa = XCBuildConfiguration;
			buildSettings = {
				ASSETCATALOG_COMPILER_APPICON_NAME = AppIcon;
				ASSETCATALOG_COMPILER_LAUNCHIMAGE_NAME = LaunchImage;
				GCC_PRECOMPILE_PREFIX_HEADER = YES;
				GCC_PREFIX_HEADER = "UI_10_1/UI_10_1-Prefix.pch";
				INFOPLIST_FILE = "UI_10_1/UI_10_1-Info.plist";
				PRODUCT_NAME = "$(TARGET_NAME)";
				WRAPPER_EXTENSION = app;
			};
			name = Release;
		};
		0FDE32B41BB8D073002CF7CD /* Debug */ = {
			isa = XCBuildConfiguration;
			buildSettings = {
				BUNDLE_LOADER = "$(BUILT_PRODUCTS_DIR)/UI_10_1.app/UI_10_1";
				FRAMEWORK_SEARCH_PATHS = (
					"$(SDKROOT)/Developer/Library/Frameworks",
					"$(inherited)",
					"$(DEVELOPER_FRAMEWORKS_DIR)",
				);
				GCC_PRECOMPILE_PREFIX_HEADER = YES;
				GCC_PREFIX_HEADER = "UI_10_1/UI_10_1-Prefix.pch";
				GCC_PREPROCESSOR_DEFINITIONS = (
					"DEBUG=1",
					"$(inherited)",
				);
				INFOPLIST_FILE = "UI_10_1Tests/UI_10_1Tests-Info.plist";
				PRODUCT_NAME = "$(TARGET_NAME)";
				TEST_HOST = "$(BUNDLE_LOADER)";
				WRAPPER_EXTENSION = xctest;
			};
			name = Debug;
		};
		0FDE32B51BB8D073002CF7CD /* Release */ = {
			isa = XCBuildConfiguration;
			buildSettings = {
				BUNDLE_LOADER = "$(BUILT_PRODUCTS_DIR)/UI_10_1.app/UI_10_1";
				FRAMEWORK_SEARCH_PATHS = (
					"$(SDKROOT)/Developer/Library/Frameworks",
					"$(inherited)",
					"$(DEVELOPER_FRAMEWORKS_DIR)",
				);
				GCC_PRECOMPILE_PREFIX_HEADER = YES;
				GCC_PREFIX_HEADER = "UI_10_1/UI_10_1-Prefix.pch";
				INFOPLIST_FILE = "UI_10_1Tests/UI_10_1Tests-Info.plist";
				PRODUCT_NAME = "$(TARGET_NAME)";
				TEST_HOST = "$(BUNDLE_LOADER)";
				WRAPPER_EXTENSION = xctest;
			};
			name = Release;
		};
/* End XCBuildConfiguration section */

/* Begin XCConfigurationList section */
		0FDE327F1BB8D072002CF7CD /* Build configuration list for PBXProject "UI_10_1" */ = {
			isa = XCConfigurationList;
			buildConfigurations = (
				0FDE32AE1BB8D073002CF7CD /* Debug */,
				0FDE32AF1BB8D073002CF7CD /* Release */,
			);
			defaultConfigurationIsVisible = 0;
			defaultConfigurationName = Release;
		};
		0FDE32B01BB8D073002CF7CD /* Build configuration list for PBXNativeTarget "UI_10_1" */ = {
			isa = XCConfigurationList;
			buildConfigurations = (
				0FDE32B11BB8D073002CF7CD /* Debug */,
				0FDE32B21BB8D073002CF7CD /* Release */,
			);
			defaultConfigurationIsVisible = 0;
		};
		0FDE32B31BB8D073002CF7CD /* Build configuration list for PBXNativeTarget "UI_10_1Tests" */ = {
			isa = XCConfigurationList;
			buildConfigurations = (
				0FDE32B41BB8D073002CF7CD /* Debug */,
				0FDE32B51BB8D073002CF7CD /* Release */,
			);
			defaultConfigurationIsVisible = 0;
		};
/* End XCConfigurationList section */
	};
	rootObject = 0FDE327C1BB8D072002CF7CD /* Project object */;
}
